// !$*UTF8*$!
{
	archiveVersion = 1;
	classes = {
	};
	objectVersion = 50;
	objects = {

/* Begin PBXBuildFile section */
		7F20C10C20A460930076DCE1 /* 1Password.xcassets in Resources */ = {isa = PBXBuildFile; fileRef = 7F20C10920A460930076DCE1 /* 1Password.xcassets */; };
		7F20C10D20A460930076DCE1 /* OnePasswordExtension.m in Sources */ = {isa = PBXBuildFile; fileRef = 7F20C10B20A460930076DCE1 /* OnePasswordExtension.m */; };
		7F2689B82098E3AC00D82752 /* GhostBaseDetailViewController.swift in Sources */ = {isa = PBXBuildFile; fileRef = 7F2689B72098E3AC00D82752 /* GhostBaseDetailViewController.swift */; };
		7F2689BA209CE14B00D82752 /* PreviewViewController.swift in Sources */ = {isa = PBXBuildFile; fileRef = 7F2689B9209CE14B00D82752 /* PreviewViewController.swift */; };
		7F26E3A720991767001437FF /* Constants.swift in Sources */ = {isa = PBXBuildFile; fileRef = 7F26E3A620991767001437FF /* Constants.swift */; };
		7F35F0DE209764B000510BDD /* Down.framework in Frameworks */ = {isa = PBXBuildFile; fileRef = 7F35F0DD209764B000510BDD /* Down.framework */; };
		7F35F0DF209764B900510BDD /* Down.framework in Frameworks */ = {isa = PBXBuildFile; fileRef = 7F35F0DD209764B000510BDD /* Down.framework */; };
		7F35F0E0209764B900510BDD /* Down.framework in Embed Frameworks */ = {isa = PBXBuildFile; fileRef = 7F35F0DD209764B000510BDD /* Down.framework */; settings = {ATTRIBUTES = (CodeSignOnCopy, RemoveHeadersOnCopy, ); }; };
		7F35F0E52097656900510BDD /* Tag.swift in Sources */ = {isa = PBXBuildFile; fileRef = 7F35F0E42097656900510BDD /* Tag.swift */; };
		7F35F0E920976F9200510BDD /* User.swift in Sources */ = {isa = PBXBuildFile; fileRef = 7F35F0E820976F9200510BDD /* User.swift */; };
		7F35F0EB209770D300510BDD /* Alamofire.framework in Frameworks */ = {isa = PBXBuildFile; fileRef = 7F35F0EA209770D300510BDD /* Alamofire.framework */; };
		7F35F0EC209770DA00510BDD /* Alamofire.framework in Frameworks */ = {isa = PBXBuildFile; fileRef = 7F35F0EA209770D300510BDD /* Alamofire.framework */; };
		7F35F0ED209770DA00510BDD /* Alamofire.framework in Embed Frameworks */ = {isa = PBXBuildFile; fileRef = 7F35F0EA209770D300510BDD /* Alamofire.framework */; settings = {ATTRIBUTES = (CodeSignOnCopy, RemoveHeadersOnCopy, ); }; };
		7F35F0EF2098CCB400510BDD /* GhostContainerViewController.swift in Sources */ = {isa = PBXBuildFile; fileRef = 7F35F0EE2098CCB400510BDD /* GhostContainerViewController.swift */; };
		7F3BB8E7209AA2B2009E6EE7 /* Upload.swift in Sources */ = {isa = PBXBuildFile; fileRef = 7F3BB8E6209AA2B2009E6EE7 /* Upload.swift */; };
		7F3BB8E9209AA3A8009E6EE7 /* PersistenceManager.swift in Sources */ = {isa = PBXBuildFile; fileRef = 7F3BB8E8209AA3A8009E6EE7 /* PersistenceManager.swift */; };
		7F3BB8EB209B309F009E6EE7 /* PostInfoViewController.swift in Sources */ = {isa = PBXBuildFile; fileRef = 7F3BB8EA209B309F009E6EE7 /* PostInfoViewController.swift */; };
		7F3BB8EE209B3EAB009E6EE7 /* PostSerializer.swift in Sources */ = {isa = PBXBuildFile; fileRef = 7F3BB8ED209B3EAB009E6EE7 /* PostSerializer.swift */; };
		7F6375BB209018520051F4A5 /* AppDelegate.swift in Sources */ = {isa = PBXBuildFile; fileRef = 7F6375BA209018520051F4A5 /* AppDelegate.swift */; };
		7F6375BD209018520051F4A5 /* ViewController.swift in Sources */ = {isa = PBXBuildFile; fileRef = 7F6375BC209018520051F4A5 /* ViewController.swift */; };
		7F6375C0209018520051F4A5 /* Main.storyboard in Resources */ = {isa = PBXBuildFile; fileRef = 7F6375BE209018520051F4A5 /* Main.storyboard */; };
		7F6375C2209018530051F4A5 /* Assets.xcassets in Resources */ = {isa = PBXBuildFile; fileRef = 7F6375C1209018530051F4A5 /* Assets.xcassets */; };
		7F6375C5209018530051F4A5 /* LaunchScreen.storyboard in Resources */ = {isa = PBXBuildFile; fileRef = 7F6375C3209018530051F4A5 /* LaunchScreen.storyboard */; };
		7F6375D0209018540051F4A5 /* GhostTests.swift in Sources */ = {isa = PBXBuildFile; fileRef = 7F6375CF209018540051F4A5 /* GhostTests.swift */; };
		7F6375DB209018540051F4A5 /* GhostUITests.swift in Sources */ = {isa = PBXBuildFile; fileRef = 7F6375DA209018540051F4A5 /* GhostUITests.swift */; };
		7F6375EA209019600051F4A5 /* PostListViewController.swift in Sources */ = {isa = PBXBuildFile; fileRef = 7F6375E9209019600051F4A5 /* PostListViewController.swift */; };
		7F6375ED209019A60051F4A5 /* Post.swift in Sources */ = {isa = PBXBuildFile; fileRef = 7F6375EC209019A60051F4A5 /* Post.swift */; };
		7F6375FA2090AAEA0051F4A5 /* TabBarController.swift in Sources */ = {isa = PBXBuildFile; fileRef = 7F6375F92090AAEA0051F4A5 /* TabBarController.swift */; };
		7F8CC110209167D2005D8E2E /* EditPostViewController.swift in Sources */ = {isa = PBXBuildFile; fileRef = 7F8CC10F209167D2005D8E2E /* EditPostViewController.swift */; };
		7F8CC11420916B84005D8E2E /* WebKit.framework in Frameworks */ = {isa = PBXBuildFile; fileRef = 7F8CC11320916B83005D8E2E /* WebKit.framework */; };
		7FC888A52090CE2200B43914 /* GhostRESTClient.swift in Sources */ = {isa = PBXBuildFile; fileRef = 7FC888A42090CE2200B43914 /* GhostRESTClient.swift */; };
		7FC888A72090DEC300B43914 /* LoginViewController.swift in Sources */ = {isa = PBXBuildFile; fileRef = 7FC888A62090DEC300B43914 /* LoginViewController.swift */; };
		7FC888A92090E0B000B43914 /* AuthenticationManager.swift in Sources */ = {isa = PBXBuildFile; fileRef = 7FC888A82090E0B000B43914 /* AuthenticationManager.swift */; };
		7FC888AC2090E0EC00B43914 /* KeychainSwift.framework in Frameworks */ = {isa = PBXBuildFile; fileRef = 7FC888AA2090E0DF00B43914 /* KeychainSwift.framework */; };
		7FC888AD2090E0EC00B43914 /* KeychainSwift.framework in Embed Frameworks */ = {isa = PBXBuildFile; fileRef = 7FC888AA2090E0DF00B43914 /* KeychainSwift.framework */; settings = {ATTRIBUTES = (CodeSignOnCopy, RemoveHeadersOnCopy, ); }; };
		7FC888AF20910BE700B43914 /* MoreViewController.swift in Sources */ = {isa = PBXBuildFile; fileRef = 7FC888AE20910BE700B43914 /* MoreViewController.swift */; };
		7FC888B2209121E700B43914 /* PostTableViewCell.swift in Sources */ = {isa = PBXBuildFile; fileRef = 7FC888B1209121E700B43914 /* PostTableViewCell.swift */; };
		7FF1F102209290910048EE2B /* ShareViewController.swift in Sources */ = {isa = PBXBuildFile; fileRef = 7FF1F101209290910048EE2B /* ShareViewController.swift */; };
		7FF1F105209290910048EE2B /* MainInterface.storyboard in Resources */ = {isa = PBXBuildFile; fileRef = 7FF1F103209290910048EE2B /* MainInterface.storyboard */; };
		7FF1F109209290910048EE2B /* Share.appex in Embed App Extensions */ = {isa = PBXBuildFile; fileRef = 7FF1F0FF209290910048EE2B /* Share.appex */; settings = {ATTRIBUTES = (RemoveHeadersOnCopy, ); }; };
/* End PBXBuildFile section */

/* Begin PBXContainerItemProxy section */
		7F6375CC209018540051F4A5 /* PBXContainerItemProxy */ = {
			isa = PBXContainerItemProxy;
			containerPortal = 7F6375AF209018520051F4A5 /* Project object */;
			proxyType = 1;
			remoteGlobalIDString = 7F6375B6209018520051F4A5;
			remoteInfo = Ghost;
		};
		7F6375D7209018540051F4A5 /* PBXContainerItemProxy */ = {
			isa = PBXContainerItemProxy;
			containerPortal = 7F6375AF209018520051F4A5 /* Project object */;
			proxyType = 1;
			remoteGlobalIDString = 7F6375B6209018520051F4A5;
			remoteInfo = Ghost;
		};
		7FF1F107209290910048EE2B /* PBXContainerItemProxy */ = {
			isa = PBXContainerItemProxy;
			containerPortal = 7F6375AF209018520051F4A5 /* Project object */;
			proxyType = 1;
			remoteGlobalIDString = 7FF1F0FE209290910048EE2B;
			remoteInfo = Share;
		};
/* End PBXContainerItemProxy section */

/* Begin PBXCopyFilesBuildPhase section */
		7F6375F420909F8D0051F4A5 /* Embed Frameworks */ = {
			isa = PBXCopyFilesBuildPhase;
			buildActionMask = 2147483647;
			dstPath = "";
			dstSubfolderSpec = 10;
			files = (
				7FC888AD2090E0EC00B43914 /* KeychainSwift.framework in Embed Frameworks */,
				7F35F0ED209770DA00510BDD /* Alamofire.framework in Embed Frameworks */,
				7F35F0E0209764B900510BDD /* Down.framework in Embed Frameworks */,
			);
			name = "Embed Frameworks";
			runOnlyForDeploymentPostprocessing = 0;
		};
		7FF1F10D209290910048EE2B /* Embed App Extensions */ = {
			isa = PBXCopyFilesBuildPhase;
			buildActionMask = 2147483647;
			dstPath = "";
			dstSubfolderSpec = 13;
			files = (
				7FF1F109209290910048EE2B /* Share.appex in Embed App Extensions */,
			);
			name = "Embed App Extensions";
			runOnlyForDeploymentPostprocessing = 0;
		};
/* End PBXCopyFilesBuildPhase section */

/* Begin PBXFileReference section */
		7F20C10820A460910076DCE1 /* Ghost-Bridging-Header.h */ = {isa = PBXFileReference; lastKnownFileType = sourcecode.c.h; path = "Ghost-Bridging-Header.h"; sourceTree = "<group>"; };
		7F20C10920A460930076DCE1 /* 1Password.xcassets */ = {isa = PBXFileReference; lastKnownFileType = folder.assetcatalog; path = 1Password.xcassets; sourceTree = "<group>"; };
		7F20C10A20A460930076DCE1 /* OnePasswordExtension.h */ = {isa = PBXFileReference; fileEncoding = 4; lastKnownFileType = sourcecode.c.h; path = OnePasswordExtension.h; sourceTree = "<group>"; };
		7F20C10B20A460930076DCE1 /* OnePasswordExtension.m */ = {isa = PBXFileReference; fileEncoding = 4; lastKnownFileType = sourcecode.c.objc; path = OnePasswordExtension.m; sourceTree = "<group>"; };
		7F2689B72098E3AC00D82752 /* GhostBaseDetailViewController.swift */ = {isa = PBXFileReference; lastKnownFileType = sourcecode.swift; path = GhostBaseDetailViewController.swift; sourceTree = "<group>"; };
		7F2689B9209CE14B00D82752 /* PreviewViewController.swift */ = {isa = PBXFileReference; lastKnownFileType = sourcecode.swift; path = PreviewViewController.swift; sourceTree = "<group>"; };
		7F26E3A620991767001437FF /* Constants.swift */ = {isa = PBXFileReference; lastKnownFileType = sourcecode.swift; path = Constants.swift; sourceTree = "<group>"; };
		7F35F0DD209764B000510BDD /* Down.framework */ = {isa = PBXFileReference; lastKnownFileType = wrapper.framework; name = Down.framework; path = Carthage/Build/iOS/Down.framework; sourceTree = "<group>"; };
		7F35F0E42097656900510BDD /* Tag.swift */ = {isa = PBXFileReference; lastKnownFileType = sourcecode.swift; path = Tag.swift; sourceTree = "<group>"; };
		7F35F0E820976F9200510BDD /* User.swift */ = {isa = PBXFileReference; lastKnownFileType = sourcecode.swift; path = User.swift; sourceTree = "<group>"; };
		7F35F0EA209770D300510BDD /* Alamofire.framework */ = {isa = PBXFileReference; lastKnownFileType = wrapper.framework; name = Alamofire.framework; path = Carthage/Build/iOS/Alamofire.framework; sourceTree = "<group>"; };
		7F35F0EE2098CCB400510BDD /* GhostContainerViewController.swift */ = {isa = PBXFileReference; lastKnownFileType = sourcecode.swift; path = GhostContainerViewController.swift; sourceTree = "<group>"; };
		7F3BB8E6209AA2B2009E6EE7 /* Upload.swift */ = {isa = PBXFileReference; lastKnownFileType = sourcecode.swift; path = Upload.swift; sourceTree = "<group>"; };
		7F3BB8E8209AA3A8009E6EE7 /* PersistenceManager.swift */ = {isa = PBXFileReference; lastKnownFileType = sourcecode.swift; path = PersistenceManager.swift; sourceTree = "<group>"; };
		7F3BB8EA209B309F009E6EE7 /* PostInfoViewController.swift */ = {isa = PBXFileReference; lastKnownFileType = sourcecode.swift; path = PostInfoViewController.swift; sourceTree = "<group>"; };
		7F3BB8ED209B3EAB009E6EE7 /* PostSerializer.swift */ = {isa = PBXFileReference; lastKnownFileType = sourcecode.swift; path = PostSerializer.swift; sourceTree = "<group>"; };
		7F6375B7209018520051F4A5 /* Ghost.app */ = {isa = PBXFileReference; explicitFileType = wrapper.application; includeInIndex = 0; path = Ghost.app; sourceTree = BUILT_PRODUCTS_DIR; };
		7F6375BA209018520051F4A5 /* AppDelegate.swift */ = {isa = PBXFileReference; lastKnownFileType = sourcecode.swift; path = AppDelegate.swift; sourceTree = "<group>"; };
		7F6375BC209018520051F4A5 /* ViewController.swift */ = {isa = PBXFileReference; lastKnownFileType = sourcecode.swift; path = ViewController.swift; sourceTree = "<group>"; };
		7F6375BF209018520051F4A5 /* Base */ = {isa = PBXFileReference; lastKnownFileType = file.storyboard; name = Base; path = Base.lproj/Main.storyboard; sourceTree = "<group>"; };
		7F6375C1209018530051F4A5 /* Assets.xcassets */ = {isa = PBXFileReference; lastKnownFileType = folder.assetcatalog; path = Assets.xcassets; sourceTree = "<group>"; };
		7F6375C4209018530051F4A5 /* Base */ = {isa = PBXFileReference; lastKnownFileType = file.storyboard; name = Base; path = Base.lproj/LaunchScreen.storyboard; sourceTree = "<group>"; };
		7F6375C6209018530051F4A5 /* Info.plist */ = {isa = PBXFileReference; lastKnownFileType = text.plist.xml; path = Info.plist; sourceTree = "<group>"; };
		7F6375CB209018540051F4A5 /* GhostTests.xctest */ = {isa = PBXFileReference; explicitFileType = wrapper.cfbundle; includeInIndex = 0; path = GhostTests.xctest; sourceTree = BUILT_PRODUCTS_DIR; };
		7F6375CF209018540051F4A5 /* GhostTests.swift */ = {isa = PBXFileReference; lastKnownFileType = sourcecode.swift; path = GhostTests.swift; sourceTree = "<group>"; };
		7F6375D1209018540051F4A5 /* Info.plist */ = {isa = PBXFileReference; lastKnownFileType = text.plist.xml; path = Info.plist; sourceTree = "<group>"; };
		7F6375D6209018540051F4A5 /* GhostUITests.xctest */ = {isa = PBXFileReference; explicitFileType = wrapper.cfbundle; includeInIndex = 0; path = GhostUITests.xctest; sourceTree = BUILT_PRODUCTS_DIR; };
		7F6375DA209018540051F4A5 /* GhostUITests.swift */ = {isa = PBXFileReference; lastKnownFileType = sourcecode.swift; path = GhostUITests.swift; sourceTree = "<group>"; };
		7F6375DC209018540051F4A5 /* Info.plist */ = {isa = PBXFileReference; lastKnownFileType = text.plist.xml; path = Info.plist; sourceTree = "<group>"; };
		7F6375E9209019600051F4A5 /* PostListViewController.swift */ = {isa = PBXFileReference; lastKnownFileType = sourcecode.swift; path = PostListViewController.swift; sourceTree = "<group>"; };
		7F6375EC209019A60051F4A5 /* Post.swift */ = {isa = PBXFileReference; lastKnownFileType = sourcecode.swift; path = Post.swift; sourceTree = "<group>"; };
		7F6375F92090AAEA0051F4A5 /* TabBarController.swift */ = {isa = PBXFileReference; lastKnownFileType = sourcecode.swift; path = TabBarController.swift; sourceTree = "<group>"; };
		7F8CC10F209167D2005D8E2E /* EditPostViewController.swift */ = {isa = PBXFileReference; lastKnownFileType = sourcecode.swift; path = EditPostViewController.swift; sourceTree = "<group>"; };
		7F8CC11320916B83005D8E2E /* WebKit.framework */ = {isa = PBXFileReference; lastKnownFileType = wrapper.framework; name = WebKit.framework; path = System/Library/Frameworks/WebKit.framework; sourceTree = SDKROOT; };
		7FC888A42090CE2200B43914 /* GhostRESTClient.swift */ = {isa = PBXFileReference; lastKnownFileType = sourcecode.swift; path = GhostRESTClient.swift; sourceTree = "<group>"; };
		7FC888A62090DEC300B43914 /* LoginViewController.swift */ = {isa = PBXFileReference; lastKnownFileType = sourcecode.swift; path = LoginViewController.swift; sourceTree = "<group>"; };
		7FC888A82090E0B000B43914 /* AuthenticationManager.swift */ = {isa = PBXFileReference; lastKnownFileType = sourcecode.swift; path = AuthenticationManager.swift; sourceTree = "<group>"; };
		7FC888AA2090E0DF00B43914 /* KeychainSwift.framework */ = {isa = PBXFileReference; lastKnownFileType = wrapper.framework; name = KeychainSwift.framework; path = Carthage/Build/iOS/KeychainSwift.framework; sourceTree = "<group>"; };
		7FC888AE20910BE700B43914 /* MoreViewController.swift */ = {isa = PBXFileReference; lastKnownFileType = sourcecode.swift; path = MoreViewController.swift; sourceTree = "<group>"; };
		7FC888B1209121E700B43914 /* PostTableViewCell.swift */ = {isa = PBXFileReference; lastKnownFileType = sourcecode.swift; path = PostTableViewCell.swift; sourceTree = "<group>"; };
		7FF1F0FF209290910048EE2B /* Share.appex */ = {isa = PBXFileReference; explicitFileType = "wrapper.app-extension"; includeInIndex = 0; path = Share.appex; sourceTree = BUILT_PRODUCTS_DIR; };
		7FF1F101209290910048EE2B /* ShareViewController.swift */ = {isa = PBXFileReference; lastKnownFileType = sourcecode.swift; path = ShareViewController.swift; sourceTree = "<group>"; };
		7FF1F104209290910048EE2B /* Base */ = {isa = PBXFileReference; lastKnownFileType = file.storyboard; name = Base; path = Base.lproj/MainInterface.storyboard; sourceTree = "<group>"; };
		7FF1F106209290910048EE2B /* Info.plist */ = {isa = PBXFileReference; lastKnownFileType = text.plist.xml; path = Info.plist; sourceTree = "<group>"; };
/* End PBXFileReference section */

/* Begin PBXFrameworksBuildPhase section */
		7F6375B4209018520051F4A5 /* Frameworks */ = {
			isa = PBXFrameworksBuildPhase;
			buildActionMask = 2147483647;
			files = (
				7F35F0DF209764B900510BDD /* Down.framework in Frameworks */,
				7F35F0EC209770DA00510BDD /* Alamofire.framework in Frameworks */,
				7F8CC11420916B84005D8E2E /* WebKit.framework in Frameworks */,
				7FC888AC2090E0EC00B43914 /* KeychainSwift.framework in Frameworks */,
				7F35F0EB209770D300510BDD /* Alamofire.framework in Frameworks */,
				7F35F0DE209764B000510BDD /* Down.framework in Frameworks */,
			);
			runOnlyForDeploymentPostprocessing = 0;
		};
		7F6375C8209018540051F4A5 /* Frameworks */ = {
			isa = PBXFrameworksBuildPhase;
			buildActionMask = 2147483647;
			files = (
			);
			runOnlyForDeploymentPostprocessing = 0;
		};
		7F6375D3209018540051F4A5 /* Frameworks */ = {
			isa = PBXFrameworksBuildPhase;
			buildActionMask = 2147483647;
			files = (
			);
			runOnlyForDeploymentPostprocessing = 0;
		};
		7FF1F0FC209290910048EE2B /* Frameworks */ = {
			isa = PBXFrameworksBuildPhase;
			buildActionMask = 2147483647;
			files = (
			);
			runOnlyForDeploymentPostprocessing = 0;
		};
/* End PBXFrameworksBuildPhase section */

/* Begin PBXGroup section */
		7F3BB8EC209B3E9E009E6EE7 /* Serializers */ = {
			isa = PBXGroup;
			children = (
				7F3BB8ED209B3EAB009E6EE7 /* PostSerializer.swift */,
			);
			path = Serializers;
			sourceTree = "<group>";
		};
		7F6375AE209018520051F4A5 = {
			isa = PBXGroup;
			children = (
				7F6375B9209018520051F4A5 /* Ghost */,
				7F6375CE209018540051F4A5 /* GhostTests */,
				7F6375D9209018540051F4A5 /* GhostUITests */,
				7FF1F100209290910048EE2B /* Share */,
				7F6375B8209018520051F4A5 /* Products */,
				7F6375F520909FB00051F4A5 /* Frameworks */,
			);
			sourceTree = "<group>";
		};
		7F6375B8209018520051F4A5 /* Products */ = {
			isa = PBXGroup;
			children = (
				7F6375B7209018520051F4A5 /* Ghost.app */,
				7F6375CB209018540051F4A5 /* GhostTests.xctest */,
				7F6375D6209018540051F4A5 /* GhostUITests.xctest */,
				7FF1F0FF209290910048EE2B /* Share.appex */,
			);
			name = Products;
			sourceTree = "<group>";
		};
		7F6375B9209018520051F4A5 /* Ghost */ = {
			isa = PBXGroup;
			children = (
				7F6375BE209018520051F4A5 /* Main.storyboard */,
				7FC888B0209121CB00B43914 /* TableView Cells */,
				7F3BB8EC209B3E9E009E6EE7 /* Serializers */,
				7F6375EB2090198C0051F4A5 /* Models */,
				7F6375E8209019270051F4A5 /* View Controllers */,
				7F6375BA209018520051F4A5 /* AppDelegate.swift */,
				7F6375BC209018520051F4A5 /* ViewController.swift */,
				7F6375C1209018530051F4A5 /* Assets.xcassets */,
				7F6375C3209018530051F4A5 /* LaunchScreen.storyboard */,
				7F6375C6209018530051F4A5 /* Info.plist */,
				7F26E3A620991767001437FF /* Constants.swift */,
				7F20C10920A460930076DCE1 /* 1Password.xcassets */,
				7F20C10A20A460930076DCE1 /* OnePasswordExtension.h */,
				7F20C10B20A460930076DCE1 /* OnePasswordExtension.m */,
				7F20C10820A460910076DCE1 /* Ghost-Bridging-Header.h */,
			);
			path = Ghost;
			sourceTree = "<group>";
		};
		7F6375CE209018540051F4A5 /* GhostTests */ = {
			isa = PBXGroup;
			children = (
				7F6375CF209018540051F4A5 /* GhostTests.swift */,
				7F6375D1209018540051F4A5 /* Info.plist */,
			);
			path = GhostTests;
			sourceTree = "<group>";
		};
		7F6375D9209018540051F4A5 /* GhostUITests */ = {
			isa = PBXGroup;
			children = (
				7F6375DA209018540051F4A5 /* GhostUITests.swift */,
				7F6375DC209018540051F4A5 /* Info.plist */,
			);
			path = GhostUITests;
			sourceTree = "<group>";
		};
		7F6375E8209019270051F4A5 /* View Controllers */ = {
			isa = PBXGroup;
			children = (
				7F35F0EE2098CCB400510BDD /* GhostContainerViewController.swift */,
				7F6375E9209019600051F4A5 /* PostListViewController.swift */,
				7F8CC10F209167D2005D8E2E /* EditPostViewController.swift */,
				7F6375F92090AAEA0051F4A5 /* TabBarController.swift */,
				7FC888A62090DEC300B43914 /* LoginViewController.swift */,
				7FC888AE20910BE700B43914 /* MoreViewController.swift */,
				7F3BB8EA209B309F009E6EE7 /* PostInfoViewController.swift */,
				7F2689B9209CE14B00D82752 /* PreviewViewController.swift */,
				7F2689B72098E3AC00D82752 /* GhostBaseDetailViewController.swift */,
			);
			path = "View Controllers";
			sourceTree = "<group>";
		};
		7F6375EB2090198C0051F4A5 /* Models */ = {
			isa = PBXGroup;
			children = (
				7F6375EC209019A60051F4A5 /* Post.swift */,
				7F35F0E42097656900510BDD /* Tag.swift */,
				7FC888A42090CE2200B43914 /* GhostRESTClient.swift */,
				7FC888A82090E0B000B43914 /* AuthenticationManager.swift */,
				7F35F0E820976F9200510BDD /* User.swift */,
				7F3BB8E6209AA2B2009E6EE7 /* Upload.swift */,
				7F3BB8E8209AA3A8009E6EE7 /* PersistenceManager.swift */,
			);
			path = Models;
			sourceTree = "<group>";
		};
		7F6375F520909FB00051F4A5 /* Frameworks */ = {
			isa = PBXGroup;
			children = (
				7F35F0EA209770D300510BDD /* Alamofire.framework */,
				7F35F0DD209764B000510BDD /* Down.framework */,
				7F8CC11320916B83005D8E2E /* WebKit.framework */,
				7FC888AA2090E0DF00B43914 /* KeychainSwift.framework */,
			);
			name = Frameworks;
			sourceTree = "<group>";
		};
		7FC888B0209121CB00B43914 /* TableView Cells */ = {
			isa = PBXGroup;
			children = (
				7FC888B1209121E700B43914 /* PostTableViewCell.swift */,
			);
			path = "TableView Cells";
			sourceTree = "<group>";
		};
		7FF1F100209290910048EE2B /* Share */ = {
			isa = PBXGroup;
			children = (
				7FF1F101209290910048EE2B /* ShareViewController.swift */,
				7FF1F103209290910048EE2B /* MainInterface.storyboard */,
				7FF1F106209290910048EE2B /* Info.plist */,
			);
			path = Share;
			sourceTree = "<group>";
		};
/* End PBXGroup section */

/* Begin PBXNativeTarget section */
		7F6375B6209018520051F4A5 /* Ghost */ = {
			isa = PBXNativeTarget;
			buildConfigurationList = 7F6375DF209018540051F4A5 /* Build configuration list for PBXNativeTarget "Ghost" */;
			buildPhases = (
				7F6375B3209018520051F4A5 /* Sources */,
				7F6375B4209018520051F4A5 /* Frameworks */,
				7F6375B5209018520051F4A5 /* Resources */,
				7F6375F420909F8D0051F4A5 /* Embed Frameworks */,
				7FF1F10D209290910048EE2B /* Embed App Extensions */,
			);
			buildRules = (
			);
			dependencies = (
				7FF1F108209290910048EE2B /* PBXTargetDependency */,
			);
			name = Ghost;
			productName = Ghost;
			productReference = 7F6375B7209018520051F4A5 /* Ghost.app */;
			productType = "com.apple.product-type.application";
		};
		7F6375CA209018540051F4A5 /* GhostTests */ = {
			isa = PBXNativeTarget;
			buildConfigurationList = 7F6375E2209018540051F4A5 /* Build configuration list for PBXNativeTarget "GhostTests" */;
			buildPhases = (
				7F6375C7209018540051F4A5 /* Sources */,
				7F6375C8209018540051F4A5 /* Frameworks */,
				7F6375C9209018540051F4A5 /* Resources */,
			);
			buildRules = (
			);
			dependencies = (
				7F6375CD209018540051F4A5 /* PBXTargetDependency */,
			);
			name = GhostTests;
			productName = GhostTests;
			productReference = 7F6375CB209018540051F4A5 /* GhostTests.xctest */;
			productType = "com.apple.product-type.bundle.unit-test";
		};
		7F6375D5209018540051F4A5 /* GhostUITests */ = {
			isa = PBXNativeTarget;
			buildConfigurationList = 7F6375E5209018540051F4A5 /* Build configuration list for PBXNativeTarget "GhostUITests" */;
			buildPhases = (
				7F6375D2209018540051F4A5 /* Sources */,
				7F6375D3209018540051F4A5 /* Frameworks */,
				7F6375D4209018540051F4A5 /* Resources */,
			);
			buildRules = (
			);
			dependencies = (
				7F6375D8209018540051F4A5 /* PBXTargetDependency */,
			);
			name = GhostUITests;
			productName = GhostUITests;
			productReference = 7F6375D6209018540051F4A5 /* GhostUITests.xctest */;
			productType = "com.apple.product-type.bundle.ui-testing";
		};
		7FF1F0FE209290910048EE2B /* Share */ = {
			isa = PBXNativeTarget;
			buildConfigurationList = 7FF1F10C209290910048EE2B /* Build configuration list for PBXNativeTarget "Share" */;
			buildPhases = (
				7FF1F0FB209290910048EE2B /* Sources */,
				7FF1F0FC209290910048EE2B /* Frameworks */,
				7FF1F0FD209290910048EE2B /* Resources */,
			);
			buildRules = (
			);
			dependencies = (
			);
			name = Share;
			productName = Share;
			productReference = 7FF1F0FF209290910048EE2B /* Share.appex */;
			productType = "com.apple.product-type.app-extension";
		};
/* End PBXNativeTarget section */

/* Begin PBXProject section */
		7F6375AF209018520051F4A5 /* Project object */ = {
			isa = PBXProject;
			attributes = {
				LastSwiftUpdateCheck = 0930;
				LastUpgradeCheck = 0930;
				ORGANIZATIONNAME = "Analemma Heavy Industries";
				TargetAttributes = {
					7F6375B6209018520051F4A5 = {
						CreatedOnToolsVersion = 9.3;
						LastSwiftMigration = 0930;
					};
					7F6375CA209018540051F4A5 = {
						CreatedOnToolsVersion = 9.3;
						TestTargetID = 7F6375B6209018520051F4A5;
					};
					7F6375D5209018540051F4A5 = {
						CreatedOnToolsVersion = 9.3;
						TestTargetID = 7F6375B6209018520051F4A5;
					};
					7FF1F0FE209290910048EE2B = {
						CreatedOnToolsVersion = 9.3;
					};
				};
			};
			buildConfigurationList = 7F6375B2209018520051F4A5 /* Build configuration list for PBXProject "Ghost" */;
			compatibilityVersion = "Xcode 9.3";
			developmentRegion = en;
			hasScannedForEncodings = 0;
			knownRegions = (
				en,
				Base,
			);
			mainGroup = 7F6375AE209018520051F4A5;
			productRefGroup = 7F6375B8209018520051F4A5 /* Products */;
			projectDirPath = "";
			projectRoot = "";
			targets = (
				7F6375B6209018520051F4A5 /* Ghost */,
				7F6375CA209018540051F4A5 /* GhostTests */,
				7F6375D5209018540051F4A5 /* GhostUITests */,
				7FF1F0FE209290910048EE2B /* Share */,
			);
		};
/* End PBXProject section */

/* Begin PBXResourcesBuildPhase section */
		7F6375B5209018520051F4A5 /* Resources */ = {
			isa = PBXResourcesBuildPhase;
			buildActionMask = 2147483647;
			files = (
				7F6375C5209018530051F4A5 /* LaunchScreen.storyboard in Resources */,
				7F6375C2209018530051F4A5 /* Assets.xcassets in Resources */,
				7F20C10C20A460930076DCE1 /* 1Password.xcassets in Resources */,
				7F6375C0209018520051F4A5 /* Main.storyboard in Resources */,
			);
			runOnlyForDeploymentPostprocessing = 0;
		};
		7F6375C9209018540051F4A5 /* Resources */ = {
			isa = PBXResourcesBuildPhase;
			buildActionMask = 2147483647;
			files = (
			);
			runOnlyForDeploymentPostprocessing = 0;
		};
		7F6375D4209018540051F4A5 /* Resources */ = {
			isa = PBXResourcesBuildPhase;
			buildActionMask = 2147483647;
			files = (
			);
			runOnlyForDeploymentPostprocessing = 0;
		};
		7FF1F0FD209290910048EE2B /* Resources */ = {
			isa = PBXResourcesBuildPhase;
			buildActionMask = 2147483647;
			files = (
				7FF1F105209290910048EE2B /* MainInterface.storyboard in Resources */,
			);
			runOnlyForDeploymentPostprocessing = 0;
		};
/* End PBXResourcesBuildPhase section */

/* Begin PBXSourcesBuildPhase section */
		7F6375B3209018520051F4A5 /* Sources */ = {
			isa = PBXSourcesBuildPhase;
			buildActionMask = 2147483647;
			files = (
				7F3BB8EB209B309F009E6EE7 /* PostInfoViewController.swift in Sources */,
				7FC888AF20910BE700B43914 /* MoreViewController.swift in Sources */,
				7F2689BA209CE14B00D82752 /* PreviewViewController.swift in Sources */,
				7F2689B82098E3AC00D82752 /* GhostBaseDetailViewController.swift in Sources */,
				7F3BB8EE209B3EAB009E6EE7 /* PostSerializer.swift in Sources */,
				7FC888A72090DEC300B43914 /* LoginViewController.swift in Sources */,
				7FC888A92090E0B000B43914 /* AuthenticationManager.swift in Sources */,
				7F6375EA209019600051F4A5 /* PostListViewController.swift in Sources */,
				7F6375BD209018520051F4A5 /* ViewController.swift in Sources */,
				7FC888A52090CE2200B43914 /* GhostRESTClient.swift in Sources */,
				7F26E3A720991767001437FF /* Constants.swift in Sources */,
				7F35F0E920976F9200510BDD /* User.swift in Sources */,
				7F35F0EF2098CCB400510BDD /* GhostContainerViewController.swift in Sources */,
				7F6375BB209018520051F4A5 /* AppDelegate.swift in Sources */,
				7F8CC110209167D2005D8E2E /* EditPostViewController.swift in Sources */,
				7F3BB8E7209AA2B2009E6EE7 /* Upload.swift in Sources */,
				7FC888B2209121E700B43914 /* PostTableViewCell.swift in Sources */,
				7F20C10D20A460930076DCE1 /* OnePasswordExtension.m in Sources */,
				7F6375FA2090AAEA0051F4A5 /* TabBarController.swift in Sources */,
				7F3BB8E9209AA3A8009E6EE7 /* PersistenceManager.swift in Sources */,
				7F6375ED209019A60051F4A5 /* Post.swift in Sources */,
				7F35F0E52097656900510BDD /* Tag.swift in Sources */,
			);
			runOnlyForDeploymentPostprocessing = 0;
		};
		7F6375C7209018540051F4A5 /* Sources */ = {
			isa = PBXSourcesBuildPhase;
			buildActionMask = 2147483647;
			files = (
				7F6375D0209018540051F4A5 /* GhostTests.swift in Sources */,
			);
			runOnlyForDeploymentPostprocessing = 0;
		};
		7F6375D2209018540051F4A5 /* Sources */ = {
			isa = PBXSourcesBuildPhase;
			buildActionMask = 2147483647;
			files = (
				7F6375DB209018540051F4A5 /* GhostUITests.swift in Sources */,
			);
			runOnlyForDeploymentPostprocessing = 0;
		};
		7FF1F0FB209290910048EE2B /* Sources */ = {
			isa = PBXSourcesBuildPhase;
			buildActionMask = 2147483647;
			files = (
				7FF1F102209290910048EE2B /* ShareViewController.swift in Sources */,
			);
			runOnlyForDeploymentPostprocessing = 0;
		};
/* End PBXSourcesBuildPhase section */

/* Begin PBXTargetDependency section */
		7F6375CD209018540051F4A5 /* PBXTargetDependency */ = {
			isa = PBXTargetDependency;
			target = 7F6375B6209018520051F4A5 /* Ghost */;
			targetProxy = 7F6375CC209018540051F4A5 /* PBXContainerItemProxy */;
		};
		7F6375D8209018540051F4A5 /* PBXTargetDependency */ = {
			isa = PBXTargetDependency;
			target = 7F6375B6209018520051F4A5 /* Ghost */;
			targetProxy = 7F6375D7209018540051F4A5 /* PBXContainerItemProxy */;
		};
		7FF1F108209290910048EE2B /* PBXTargetDependency */ = {
			isa = PBXTargetDependency;
			target = 7FF1F0FE209290910048EE2B /* Share */;
			targetProxy = 7FF1F107209290910048EE2B /* PBXContainerItemProxy */;
		};
/* End PBXTargetDependency section */

/* Begin PBXVariantGroup section */
		7F6375BE209018520051F4A5 /* Main.storyboard */ = {
			isa = PBXVariantGroup;
			children = (
				7F6375BF209018520051F4A5 /* Base */,
			);
			name = Main.storyboard;
			sourceTree = "<group>";
		};
		7F6375C3209018530051F4A5 /* LaunchScreen.storyboard */ = {
			isa = PBXVariantGroup;
			children = (
				7F6375C4209018530051F4A5 /* Base */,
			);
			name = LaunchScreen.storyboard;
			sourceTree = "<group>";
		};
		7FF1F103209290910048EE2B /* MainInterface.storyboard */ = {
			isa = PBXVariantGroup;
			children = (
				7FF1F104209290910048EE2B /* Base */,
			);
			name = MainInterface.storyboard;
			sourceTree = "<group>";
		};
/* End PBXVariantGroup section */

/* Begin XCBuildConfiguration section */
		7F6375DD209018540051F4A5 /* Debug */ = {
			isa = XCBuildConfiguration;
			buildSettings = {
				ALWAYS_SEARCH_USER_PATHS = NO;
				CLANG_ANALYZER_NONNULL = YES;
				CLANG_ANALYZER_NUMBER_OBJECT_CONVERSION = YES_AGGRESSIVE;
				CLANG_CXX_LANGUAGE_STANDARD = "gnu++14";
				CLANG_CXX_LIBRARY = "libc++";
				CLANG_ENABLE_MODULES = YES;
				CLANG_ENABLE_OBJC_ARC = YES;
				CLANG_ENABLE_OBJC_WEAK = YES;
				CLANG_WARN_BLOCK_CAPTURE_AUTORELEASING = YES;
				CLANG_WARN_BOOL_CONVERSION = YES;
				CLANG_WARN_COMMA = YES;
				CLANG_WARN_CONSTANT_CONVERSION = YES;
				CLANG_WARN_DEPRECATED_OBJC_IMPLEMENTATIONS = YES;
				CLANG_WARN_DIRECT_OBJC_ISA_USAGE = YES_ERROR;
				CLANG_WARN_DOCUMENTATION_COMMENTS = YES;
				CLANG_WARN_EMPTY_BODY = YES;
				CLANG_WARN_ENUM_CONVERSION = YES;
				CLANG_WARN_INFINITE_RECURSION = YES;
				CLANG_WARN_INT_CONVERSION = YES;
				CLANG_WARN_NON_LITERAL_NULL_CONVERSION = YES;
				CLANG_WARN_OBJC_IMPLICIT_RETAIN_SELF = YES;
				CLANG_WARN_OBJC_LITERAL_CONVERSION = YES;
				CLANG_WARN_OBJC_ROOT_CLASS = YES_ERROR;
				CLANG_WARN_RANGE_LOOP_ANALYSIS = YES;
				CLANG_WARN_STRICT_PROTOTYPES = YES;
				CLANG_WARN_SUSPICIOUS_MOVE = YES;
				CLANG_WARN_UNGUARDED_AVAILABILITY = YES_AGGRESSIVE;
				CLANG_WARN_UNREACHABLE_CODE = YES;
				CLANG_WARN__DUPLICATE_METHOD_MATCH = YES;
				CODE_SIGN_IDENTITY = "iPhone Developer";
				COPY_PHASE_STRIP = NO;
				DEBUG_INFORMATION_FORMAT = dwarf;
				ENABLE_STRICT_OBJC_MSGSEND = YES;
				ENABLE_TESTABILITY = YES;
				GCC_C_LANGUAGE_STANDARD = gnu11;
				GCC_DYNAMIC_NO_PIC = NO;
				GCC_NO_COMMON_BLOCKS = YES;
				GCC_OPTIMIZATION_LEVEL = 0;
				GCC_PREPROCESSOR_DEFINITIONS = (
					"DEBUG=1",
					"$(inherited)",
				);
				GCC_WARN_64_TO_32_BIT_CONVERSION = YES;
				GCC_WARN_ABOUT_RETURN_TYPE = YES_ERROR;
				GCC_WARN_UNDECLARED_SELECTOR = YES;
				GCC_WARN_UNINITIALIZED_AUTOS = YES_AGGRESSIVE;
				GCC_WARN_UNUSED_FUNCTION = YES;
				GCC_WARN_UNUSED_VARIABLE = YES;
				IPHONEOS_DEPLOYMENT_TARGET = 11.3;
				MTL_ENABLE_DEBUG_INFO = YES;
				ONLY_ACTIVE_ARCH = YES;
				SDKROOT = iphoneos;
				SWIFT_ACTIVE_COMPILATION_CONDITIONS = DEBUG;
				SWIFT_OPTIMIZATION_LEVEL = "-Onone";
			};
			name = Debug;
		};
		7F6375DE209018540051F4A5 /* Release */ = {
			isa = XCBuildConfiguration;
			buildSettings = {
				ALWAYS_SEARCH_USER_PATHS = NO;
				CLANG_ANALYZER_NONNULL = YES;
				CLANG_ANALYZER_NUMBER_OBJECT_CONVERSION = YES_AGGRESSIVE;
				CLANG_CXX_LANGUAGE_STANDARD = "gnu++14";
				CLANG_CXX_LIBRARY = "libc++";
				CLANG_ENABLE_MODULES = YES;
				CLANG_ENABLE_OBJC_ARC = YES;
				CLANG_ENABLE_OBJC_WEAK = YES;
				CLANG_WARN_BLOCK_CAPTURE_AUTORELEASING = YES;
				CLANG_WARN_BOOL_CONVERSION = YES;
				CLANG_WARN_COMMA = YES;
				CLANG_WARN_CONSTANT_CONVERSION = YES;
				CLANG_WARN_DEPRECATED_OBJC_IMPLEMENTATIONS = YES;
				CLANG_WARN_DIRECT_OBJC_ISA_USAGE = YES_ERROR;
				CLANG_WARN_DOCUMENTATION_COMMENTS = YES;
				CLANG_WARN_EMPTY_BODY = YES;
				CLANG_WARN_ENUM_CONVERSION = YES;
				CLANG_WARN_INFINITE_RECURSION = YES;
				CLANG_WARN_INT_CONVERSION = YES;
				CLANG_WARN_NON_LITERAL_NULL_CONVERSION = YES;
				CLANG_WARN_OBJC_IMPLICIT_RETAIN_SELF = YES;
				CLANG_WARN_OBJC_LITERAL_CONVERSION = YES;
				CLANG_WARN_OBJC_ROOT_CLASS = YES_ERROR;
				CLANG_WARN_RANGE_LOOP_ANALYSIS = YES;
				CLANG_WARN_STRICT_PROTOTYPES = YES;
				CLANG_WARN_SUSPICIOUS_MOVE = YES;
				CLANG_WARN_UNGUARDED_AVAILABILITY = YES_AGGRESSIVE;
				CLANG_WARN_UNREACHABLE_CODE = YES;
				CLANG_WARN__DUPLICATE_METHOD_MATCH = YES;
				CODE_SIGN_IDENTITY = "iPhone Developer";
				COPY_PHASE_STRIP = NO;
				DEBUG_INFORMATION_FORMAT = "dwarf-with-dsym";
				ENABLE_NS_ASSERTIONS = NO;
				ENABLE_STRICT_OBJC_MSGSEND = YES;
				GCC_C_LANGUAGE_STANDARD = gnu11;
				GCC_NO_COMMON_BLOCKS = YES;
				GCC_WARN_64_TO_32_BIT_CONVERSION = YES;
				GCC_WARN_ABOUT_RETURN_TYPE = YES_ERROR;
				GCC_WARN_UNDECLARED_SELECTOR = YES;
				GCC_WARN_UNINITIALIZED_AUTOS = YES_AGGRESSIVE;
				GCC_WARN_UNUSED_FUNCTION = YES;
				GCC_WARN_UNUSED_VARIABLE = YES;
				IPHONEOS_DEPLOYMENT_TARGET = 11.3;
				MTL_ENABLE_DEBUG_INFO = NO;
				SDKROOT = iphoneos;
				SWIFT_COMPILATION_MODE = wholemodule;
				SWIFT_OPTIMIZATION_LEVEL = "-O";
				VALIDATE_PRODUCT = YES;
			};
			name = Release;
		};
		7F6375E0209018540051F4A5 /* Debug */ = {
			isa = XCBuildConfiguration;
			buildSettings = {
				ALWAYS_EMBED_SWIFT_STANDARD_LIBRARIES = YES;
				ASSETCATALOG_COMPILER_APPICON_NAME = AppIcon;
				CLANG_ENABLE_MODULES = YES;
				CODE_SIGN_STYLE = Automatic;
				DEVELOPMENT_TEAM = 7PY3AJJXS2;
				FRAMEWORK_SEARCH_PATHS = (
					"$(inherited)",
					"$(PROJECT_DIR)/Carthage/Build/iOS",
					"$(PROJECT_DIR)",
				);
				INFOPLIST_FILE = Ghost/Info.plist;
				LD_RUNPATH_SEARCH_PATHS = (
					"$(inherited)",
					"@executable_path/Frameworks",
				);
				PRODUCT_BUNDLE_IDENTIFIER = com.analemmaheavyindustries.Ghost;
				PRODUCT_NAME = "$(TARGET_NAME)";
				SWIFT_OBJC_BRIDGING_HEADER = "Ghost/Ghost-Bridging-Header.h";
				SWIFT_OPTIMIZATION_LEVEL = "-Onone";
				SWIFT_VERSION = 4.0;
				TARGETED_DEVICE_FAMILY = "1,2";
			};
			name = Debug;
		};
		7F6375E1209018540051F4A5 /* Release */ = {
			isa = XCBuildConfiguration;
			buildSettings = {
				ALWAYS_EMBED_SWIFT_STANDARD_LIBRARIES = YES;
				ASSETCATALOG_COMPILER_APPICON_NAME = AppIcon;
				CLANG_ENABLE_MODULES = YES;
				CODE_SIGN_STYLE = Automatic;
				DEVELOPMENT_TEAM = 7PY3AJJXS2;
				FRAMEWORK_SEARCH_PATHS = (
					"$(inherited)",
					"$(PROJECT_DIR)/Carthage/Build/iOS",
					"$(PROJECT_DIR)",
				);
				INFOPLIST_FILE = Ghost/Info.plist;
				LD_RUNPATH_SEARCH_PATHS = (
					"$(inherited)",
					"@executable_path/Frameworks",
				);
				PRODUCT_BUNDLE_IDENTIFIER = com.analemmaheavyindustries.Ghost;
				PRODUCT_NAME = "$(TARGET_NAME)";
				SWIFT_OBJC_BRIDGING_HEADER = "Ghost/Ghost-Bridging-Header.h";
				SWIFT_VERSION = 4.0;
				TARGETED_DEVICE_FAMILY = "1,2";
			};
			name = Release;
		};
		7F6375E3209018540051F4A5 /* Debug */ = {
			isa = XCBuildConfiguration;
			buildSettings = {
				ALWAYS_EMBED_SWIFT_STANDARD_LIBRARIES = YES;
				BUNDLE_LOADER = "$(TEST_HOST)";
				CODE_SIGN_STYLE = Automatic;
				DEVELOPMENT_TEAM = 7PY3AJJXS2;
				INFOPLIST_FILE = GhostTests/Info.plist;
				LD_RUNPATH_SEARCH_PATHS = (
					"$(inherited)",
					"@executable_path/Frameworks",
					"@loader_path/Frameworks",
				);
				PRODUCT_BUNDLE_IDENTIFIER = com.analemmaheavyindustries.GhostTests;
				PRODUCT_NAME = "$(TARGET_NAME)";
				SWIFT_VERSION = 4.0;
				TARGETED_DEVICE_FAMILY = "1,2";
				TEST_HOST = "$(BUILT_PRODUCTS_DIR)/Ghost.app/Ghost";
			};
			name = Debug;
		};
		7F6375E4209018540051F4A5 /* Release */ = {
			isa = XCBuildConfiguration;
			buildSettings = {
				ALWAYS_EMBED_SWIFT_STANDARD_LIBRARIES = YES;
				BUNDLE_LOADER = "$(TEST_HOST)";
				CODE_SIGN_STYLE = Automatic;
				DEVELOPMENT_TEAM = 7PY3AJJXS2;
				INFOPLIST_FILE = GhostTests/Info.plist;
				LD_RUNPATH_SEARCH_PATHS = (
					"$(inherited)",
					"@executable_path/Frameworks",
					"@loader_path/Frameworks",
				);
				PRODUCT_BUNDLE_IDENTIFIER = com.analemmaheavyindustries.GhostTests;
				PRODUCT_NAME = "$(TARGET_NAME)";
				SWIFT_VERSION = 4.0;
				TARGETED_DEVICE_FAMILY = "1,2";
				TEST_HOST = "$(BUILT_PRODUCTS_DIR)/Ghost.app/Ghost";
			};
			name = Release;
		};
		7F6375E6209018540051F4A5 /* Debug */ = {
			isa = XCBuildConfiguration;
			buildSettings = {
				ALWAYS_EMBED_SWIFT_STANDARD_LIBRARIES = YES;
				CODE_SIGN_STYLE = Automatic;
				DEVELOPMENT_TEAM = 7PY3AJJXS2;
				INFOPLIST_FILE = GhostUITests/Info.plist;
				LD_RUNPATH_SEARCH_PATHS = (
					"$(inherited)",
					"@executable_path/Frameworks",
					"@loader_path/Frameworks",
				);
				PRODUCT_BUNDLE_IDENTIFIER = com.analemmaheavyindustries.GhostUITests;
				PRODUCT_NAME = "$(TARGET_NAME)";
				SWIFT_VERSION = 4.0;
				TARGETED_DEVICE_FAMILY = "1,2";
				TEST_TARGET_NAME = Ghost;
			};
			name = Debug;
		};
		7F6375E7209018540051F4A5 /* Release */ = {
			isa = XCBuildConfiguration;
			buildSettings = {
				ALWAYS_EMBED_SWIFT_STANDARD_LIBRARIES = YES;
				CODE_SIGN_STYLE = Automatic;
				DEVELOPMENT_TEAM = 7PY3AJJXS2;
				INFOPLIST_FILE = GhostUITests/Info.plist;
				LD_RUNPATH_SEARCH_PATHS = (
					"$(inherited)",
					"@executable_path/Frameworks",
					"@loader_path/Frameworks",
				);
				PRODUCT_BUNDLE_IDENTIFIER = com.analemmaheavyindustries.GhostUITests;
				PRODUCT_NAME = "$(TARGET_NAME)";
				SWIFT_VERSION = 4.0;
				TARGETED_DEVICE_FAMILY = "1,2";
				TEST_TARGET_NAME = Ghost;
			};
			name = Release;
		};
		7FF1F10A209290910048EE2B /* Debug */ = {
			isa = XCBuildConfiguration;
			buildSettings = {
				CODE_SIGN_STYLE = Automatic;
				DEVELOPMENT_TEAM = 7PY3AJJXS2;
				FRAMEWORK_SEARCH_PATHS = (
					"$(inherited)",
					"$(PROJECT_DIR)",
				);
				INFOPLIST_FILE = Share/Info.plist;
				LD_RUNPATH_SEARCH_PATHS = (
					"$(inherited)",
					"@executable_path/Frameworks",
					"@executable_path/../../Frameworks",
				);
				PRODUCT_BUNDLE_IDENTIFIER = com.analemmaheavyindustries.Ghost.Share;
				PRODUCT_NAME = "$(TARGET_NAME)";
				SKIP_INSTALL = YES;
				SWIFT_VERSION = 4.0;
				TARGETED_DEVICE_FAMILY = "1,2";
			};
			name = Debug;
		};
		7FF1F10B209290910048EE2B /* Release */ = {
			isa = XCBuildConfiguration;
			buildSettings = {
				CODE_SIGN_STYLE = Automatic;
				DEVELOPMENT_TEAM = 7PY3AJJXS2;
				FRAMEWORK_SEARCH_PATHS = (
					"$(inherited)",
					"$(PROJECT_DIR)",
				);
				INFOPLIST_FILE = Share/Info.plist;
				LD_RUNPATH_SEARCH_PATHS = (
					"$(inherited)",
					"@executable_path/Frameworks",
					"@executable_path/../../Frameworks",
				);
				PRODUCT_BUNDLE_IDENTIFIER = com.analemmaheavyindustries.Ghost.Share;
				PRODUCT_NAME = "$(TARGET_NAME)";
				SKIP_INSTALL = YES;
				SWIFT_VERSION = 4.0;
				TARGETED_DEVICE_FAMILY = "1,2";
			};
			name = Release;
		};
/* End XCBuildConfiguration section */

/* Begin XCConfigurationList section */
		7F6375B2209018520051F4A5 /* Build configuration list for PBXProject "Ghost" */ = {
			isa = XCConfigurationList;
			buildConfigurations = (
				7F6375DD209018540051F4A5 /* Debug */,
				7F6375DE209018540051F4A5 /* Release */,
			);
			defaultConfigurationIsVisible = 0;
			defaultConfigurationName = Release;
		};
		7F6375DF209018540051F4A5 /* Build configuration list for PBXNativeTarget "Ghost" */ = {
			isa = XCConfigurationList;
			buildConfigurations = (
				7F6375E0209018540051F4A5 /* Debug */,
				7F6375E1209018540051F4A5 /* Release */,
			);
			defaultConfigurationIsVisible = 0;
			defaultConfigurationName = Release;
		};
		7F6375E2209018540051F4A5 /* Build configuration list for PBXNativeTarget "GhostTests" */ = {
			isa = XCConfigurationList;
			buildConfigurations = (
				7F6375E3209018540051F4A5 /* Debug */,
				7F6375E4209018540051F4A5 /* Release */,
			);
			defaultConfigurationIsVisible = 0;
			defaultConfigurationName = Release;
		};
		7F6375E5209018540051F4A5 /* Build configuration list for PBXNativeTarget "GhostUITests" */ = {
			isa = XCConfigurationList;
			buildConfigurations = (
				7F6375E6209018540051F4A5 /* Debug */,
				7F6375E7209018540051F4A5 /* Release */,
			);
			defaultConfigurationIsVisible = 0;
			defaultConfigurationName = Release;
		};
		7FF1F10C209290910048EE2B /* Build configuration list for PBXNativeTarget "Share" */ = {
			isa = XCConfigurationList;
			buildConfigurations = (
				7FF1F10A209290910048EE2B /* Debug */,
				7FF1F10B209290910048EE2B /* Release */,
			);
			defaultConfigurationIsVisible = 0;
			defaultConfigurationName = Release;
		};
/* End XCConfigurationList section */
	};
	rootObject = 7F6375AF209018520051F4A5 /* Project object */;
}
